
Microsoft Visual Studio Solution File, Format Version 12.00
# Visual Studio Version 16
VisualStudioVersion = 16.0.31702.278
MinimumVisualStudioVersion = 10.0.40219.1
Project("{FAE04EC0-301F-11D3-BF4B-00C04F79EFBC}") = "TODO", "TODO\TODO.csproj", "{2C8C9690-D158-46B2-8351-3CC5FE5D54D4}"
EndProject
Global
	GlobalSection(SolutionConfigurationPlatforms) = preSolution
		Debug|Any CPU = Debug|Any CPU
		Release|Any CPU = Release|Any CPU
	EndGlobalSection
	GlobalSection(ProjectConfigurationPlatforms) = postSolution
		{2C8C9690-D158-46B2-8351-3CC5FE5D54D4}.Debug|Any CPU.ActiveCfg = Debug|Any CPU
		{2C8C9690-D158-46B2-8351-3CC5FE5D54D4}.Debug|Any CPU.Build.0 = Debug|Any CPU
		{2C8C9690-D158-46B2-8351-3CC5FE5D54D4}.Release|Any CPU.ActiveCfg = Release|Any CPU
		{2C8C9690-D158-46B2-8351-3CC5FE5D54D4}.Release|Any CPU.Build.0 = Release|Any CPU
	EndGlobalSection
	GlobalSection(SolutionProperties) = preSolution
		HideSolutionNode = FALSE
	EndGlobalSection
	GlobalSection(ExtensibilityGlobals) = postSolution
		SolutionGuid = {CCDC15CD-1766-428C-93E8-00F886F1BE65}
	EndGlobalSection
EndGlobal
